# This file is automatically @generated by Cargo.
# It is not intended for manual editing.
[[package]]
name = "lark-classfile"
version = "0.1.0"
dependencies = [
 "podio 0.1.7 (registry+https://github.com/rust-lang/crates.io-index)",
]

[[package]]
name = "podio"
version = "0.1.7"
source = "registry+https://github.com/rust-lang/crates.io-index"

[metadata]
"checksum podio 0.1.7 (registry+https://github.com/rust-lang/crates.io-index)" = "b18befed8bc2b61abc79a457295e7e838417326da1586050b919414073977f19"
